
Microsoft Visual Studio Solution File, Format Version 12.00
# Visual Studio Version 17
VisualStudioVersion = 17.11.35222.181
MinimumVisualStudioVersion = 10.0.40219.1
Project("{FAE04EC0-301F-11D3-BF4B-00C04F79EFBC}") = "Contract_Management_System", "Contract_Management_System\Contract_Management_System.csproj", "{9DF035B0-002D-4DB7-A589-1893E458C62B}"
EndProject
Global
	GlobalSection(SolutionConfigurationPlatforms) = preSolution
		Debug|Any CPU = Debug|Any CPU
		Release|Any CPU = Release|Any CPU
	EndGlobalSection
	GlobalSection(ProjectConfigurationPlatforms) = postSolution
		{9DF035B0-002D-4DB7-A589-1893E458C62B}.Debug|Any CPU.ActiveCfg = Debug|Any CPU
		{9DF035B0-002D-4DB7-A589-1893E458C62B}.Debug|Any CPU.Build.0 = Debug|Any CPU
		{9DF035B0-002D-4DB7-A589-1893E458C62B}.Release|Any CPU.ActiveCfg = Release|Any CPU
		{9DF035B0-002D-4DB7-A589-1893E458C62B}.Release|Any CPU.Build.0 = Release|Any CPU
	EndGlobalSection
	GlobalSection(SolutionProperties) = preSolution
		HideSolutionNode = FALSE
	EndGlobalSection
	GlobalSection(ExtensibilityGlobals) = postSolution
		SolutionGuid = {950A3178-BDFF-4373-8BD1-BA4254997C3D}
	EndGlobalSection
EndGlobal
